
Microsoft Visual Studio Solution File, Format Version 12.00
# Visual Studio 14
VisualStudioVersion = 14.0.23107.0
MinimumVisualStudioVersion = 10.0.40219.1
Project("{FAE04EC0-301F-11D3-BF4B-00C04F79EFBC}") = "YWCA_Database_Software", "YWCA_Database_Software\YWCA_Database_Software.csproj", "{11417F10-DAD3-4BEF-A457-4A4222E88FEE}"
EndProject
Global
	GlobalSection(SolutionConfigurationPlatforms) = preSolution
		Debug|Any CPU = Debug|Any CPU
		Release|Any CPU = Release|Any CPU
	EndGlobalSection
	GlobalSection(ProjectConfigurationPlatforms) = postSolution
		{11417F10-DAD3-4BEF-A457-4A4222E88FEE}.Debug|Any CPU.ActiveCfg = Debug|Any CPU
		{11417F10-DAD3-4BEF-A457-4A4222E88FEE}.Debug|Any CPU.Build.0 = Debug|Any CPU
		{11417F10-DAD3-4BEF-A457-4A4222E88FEE}.Release|Any CPU.ActiveCfg = Release|Any CPU
		{11417F10-DAD3-4BEF-A457-4A4222E88FEE}.Release|Any CPU.Build.0 = Release|Any CPU
	EndGlobalSection
	GlobalSection(SolutionProperties) = preSolution
		HideSolutionNode = FALSE
	EndGlobalSection
EndGlobal
